
Microsoft Visual Studio Solution File, Format Version 12.00
# Visual Studio 15
VisualStudioVersion = 15.0.25920.0
MinimumVisualStudioVersion = 10.0.40219.1
Project("{2150E333-8FDC-42A3-9474-1A3956D46DE8}") = "src", "src", "{AE227FE8-2959-4ED9-8EE4-A4CCF7AE321E}"
EndProject
Project("{2150E333-8FDC-42A3-9474-1A3956D46DE8}") = "Solution Items", "Solution Items", "{1362F553-841D-4BBE-8590-ED910AE6E67A}"
	ProjectSection(SolutionItems) = preProject
		docker-compose.ci.build.yml = docker-compose.ci.build.yml
		global.json = global.json
	EndProjectSection
EndProject
Project("{9A19103F-16F7-4668-BE54-9A1E7A4F7556}") = "site", "src\site\site.csproj", "{ABF8A8BC-7163-4DC4-89F5-715454C6B135}"
EndProject
Project("{9092AA53-FB77-4645-B42D-1CCCA6BD08BD}") = "bm_blog", "bm_blog\bm_blog.njsproj", "{960B42FE-CDAE-42DA-90AD-A41F1FF31723}"
EndProject
Global
	GlobalSection(SolutionConfigurationPlatforms) = preSolution
		Ad-Hoc|Any CPU = Ad-Hoc|Any CPU
		Ad-Hoc|iPhone = Ad-Hoc|iPhone
		Ad-Hoc|iPhoneSimulator = Ad-Hoc|iPhoneSimulator
		AppStore|Any CPU = AppStore|Any CPU
		AppStore|iPhone = AppStore|iPhone
		AppStore|iPhoneSimulator = AppStore|iPhoneSimulator
		Debug|Any CPU = Debug|Any CPU
		Debug|iPhone = Debug|iPhone
		Debug|iPhoneSimulator = Debug|iPhoneSimulator
		Release|Any CPU = Release|Any CPU
		Release|iPhone = Release|iPhone
		Release|iPhoneSimulator = Release|iPhoneSimulator
	EndGlobalSection
	GlobalSection(ProjectConfigurationPlatforms) = postSolution
		{ABF8A8BC-7163-4DC4-89F5-715454C6B135}.Ad-Hoc|Any CPU.ActiveCfg = Release|Any CPU
		{ABF8A8BC-7163-4DC4-89F5-715454C6B135}.Ad-Hoc|Any CPU.Build.0 = Release|Any CPU
		{ABF8A8BC-7163-4DC4-89F5-715454C6B135}.Ad-Hoc|iPhone.ActiveCfg = Release|Any CPU
		{ABF8A8BC-7163-4DC4-89F5-715454C6B135}.Ad-Hoc|iPhone.Build.0 = Release|Any CPU
		{ABF8A8BC-7163-4DC4-89F5-715454C6B135}.Ad-Hoc|iPhoneSimulator.ActiveCfg = Release|Any CPU
		{ABF8A8BC-7163-4DC4-89F5-715454C6B135}.Ad-Hoc|iPhoneSimulator.Build.0 = Release|Any CPU
		{ABF8A8BC-7163-4DC4-89F5-715454C6B135}.AppStore|Any CPU.ActiveCfg = Release|Any CPU
		{ABF8A8BC-7163-4DC4-89F5-715454C6B135}.AppStore|Any CPU.Build.0 = Release|Any CPU
		{ABF8A8BC-7163-4DC4-89F5-715454C6B135}.AppStore|iPhone.ActiveCfg = Release|Any CPU
		{ABF8A8BC-7163-4DC4-89F5-715454C6B135}.AppStore|iPhone.Build.0 = Release|Any CPU
		{ABF8A8BC-7163-4DC4-89F5-715454C6B135}.AppStore|iPhoneSimulator.ActiveCfg = Release|Any CPU
		{ABF8A8BC-7163-4DC4-89F5-715454C6B135}.AppStore|iPhoneSimulator.Build.0 = Release|Any CPU
		{ABF8A8BC-7163-4DC4-89F5-715454C6B135}.Debug|Any CPU.ActiveCfg = Debug|Any CPU
		{ABF8A8BC-7163-4DC4-89F5-715454C6B135}.Debug|Any CPU.Build.0 = Debug|Any CPU
		{ABF8A8BC-7163-4DC4-89F5-715454C6B135}.Debug|iPhone.ActiveCfg = Debug|Any CPU
		{ABF8A8BC-7163-4DC4-89F5-715454C6B135}.Debug|iPhone.Build.0 = Debug|Any CPU
		{ABF8A8BC-7163-4DC4-89F5-715454C6B135}.Debug|iPhoneSimulator.ActiveCfg = Debug|Any CPU
		{ABF8A8BC-7163-4DC4-89F5-715454C6B135}.Debug|iPhoneSimulator.Build.0 = Debug|Any CPU
		{ABF8A8BC-7163-4DC4-89F5-715454C6B135}.Release|Any CPU.ActiveCfg = Debug|Any CPU
		{ABF8A8BC-7163-4DC4-89F5-715454C6B135}.Release|Any CPU.Build.0 = Debug|Any CPU
		{ABF8A8BC-7163-4DC4-89F5-715454C6B135}.Release|iPhone.ActiveCfg = Release|Any CPU
		{ABF8A8BC-7163-4DC4-89F5-715454C6B135}.Release|iPhone.Build.0 = Release|Any CPU
		{ABF8A8BC-7163-4DC4-89F5-715454C6B135}.Release|iPhoneSimulator.ActiveCfg = Release|Any CPU
		{ABF8A8BC-7163-4DC4-89F5-715454C6B135}.Release|iPhoneSimulator.Build.0 = Release|Any CPU
		{960B42FE-CDAE-42DA-90AD-A41F1FF31723}.Ad-Hoc|Any CPU.ActiveCfg = Release|Any CPU
		{960B42FE-CDAE-42DA-90AD-A41F1FF31723}.Ad-Hoc|Any CPU.Build.0 = Release|Any CPU
		{960B42FE-CDAE-42DA-90AD-A41F1FF31723}.Ad-Hoc|iPhone.ActiveCfg = Release|Any CPU
		{960B42FE-CDAE-42DA-90AD-A41F1FF31723}.Ad-Hoc|iPhone.Build.0 = Release|Any CPU
		{960B42FE-CDAE-42DA-90AD-A41F1FF31723}.Ad-Hoc|iPhoneSimulator.ActiveCfg = Release|Any CPU
		{960B42FE-CDAE-42DA-90AD-A41F1FF31723}.Ad-Hoc|iPhoneSimulator.Build.0 = Release|Any CPU
		{960B42FE-CDAE-42DA-90AD-A41F1FF31723}.AppStore|Any CPU.ActiveCfg = Release|Any CPU
		{960B42FE-CDAE-42DA-90AD-A41F1FF31723}.AppStore|Any CPU.Build.0 = Release|Any CPU
		{960B42FE-CDAE-42DA-90AD-A41F1FF31723}.AppStore|iPhone.ActiveCfg = Release|Any CPU
		{960B42FE-CDAE-42DA-90AD-A41F1FF31723}.AppStore|iPhone.Build.0 = Release|Any CPU
		{960B42FE-CDAE-42DA-90AD-A41F1FF31723}.AppStore|iPhoneSimulator.ActiveCfg = Release|Any CPU
		{960B42FE-CDAE-42DA-90AD-A41F1FF31723}.AppStore|iPhoneSimulator.Build.0 = Release|Any CPU
		{960B42FE-CDAE-42DA-90AD-A41F1FF31723}.Debug|Any CPU.ActiveCfg = Debug|Any CPU
		{960B42FE-CDAE-42DA-90AD-A41F1FF31723}.Debug|Any CPU.Build.0 = Debug|Any CPU
		{960B42FE-CDAE-42DA-90AD-A41F1FF31723}.Debug|iPhone.ActiveCfg = Debug|Any CPU
		{960B42FE-CDAE-42DA-90AD-A41F1FF31723}.Debug|iPhone.Build.0 = Debug|Any CPU
		{960B42FE-CDAE-42DA-90AD-A41F1FF31723}.Debug|iPhoneSimulator.ActiveCfg = Debug|Any CPU
		{960B42FE-CDAE-42DA-90AD-A41F1FF31723}.Debug|iPhoneSimulator.Build.0 = Debug|Any CPU
		{960B42FE-CDAE-42DA-90AD-A41F1FF31723}.Release|Any CPU.ActiveCfg = Release|Any CPU
		{960B42FE-CDAE-42DA-90AD-A41F1FF31723}.Release|Any CPU.Build.0 = Release|Any CPU
		{960B42FE-CDAE-42DA-90AD-A41F1FF31723}.Release|iPhone.ActiveCfg = Release|Any CPU
		{960B42FE-CDAE-42DA-90AD-A41F1FF31723}.Release|iPhone.Build.0 = Release|Any CPU
		{960B42FE-CDAE-42DA-90AD-A41F1FF31723}.Release|iPhoneSimulator.ActiveCfg = Release|Any CPU
		{960B42FE-CDAE-42DA-90AD-A41F1FF31723}.Release|iPhoneSimulator.Build.0 = Release|Any CPU
	EndGlobalSection
	GlobalSection(SolutionProperties) = preSolution
		HideSolutionNode = FALSE
	EndGlobalSection
	GlobalSection(NestedProjects) = preSolution
		{ABF8A8BC-7163-4DC4-89F5-715454C6B135} = {AE227FE8-2959-4ED9-8EE4-A4CCF7AE321E}
	EndGlobalSection
EndGlobal
